{
  "name": "simple-dfm",
  "version": "1.0.0",
  "lockfileVersion": 2,
  "requires": true,
  "packages": {
    "": {
      "version": "1.0.0",
      "license": "ISC",
      "dependencies": {
        "xstate": "^4.20.0"
      }
    },
    "node_modules/xstate": {
      "version": "4.20.0",
      "resolved": "https://registry.npmjs.org/xstate/-/xstate-4.20.0.tgz",
      "integrity": "sha512-u5Ou1CMo/oWApasmv1TYTHgj38k69DJdTqQdBBwt+/ooNhPJQiSIKTB3Y3HvX0h5tulwfSo6xAwZgBgjRsK3LA==",
      "funding": {
        "type": "opencollective",
        "url": "https://opencollective.com/xstate"
      }
    }
  },
  "dependencies": {
    "xstate": {
      "version": "4.20.0",
      "resolved": "https://registry.npmjs.org/xstate/-/xstate-4.20.0.tgz",
      "integrity": "sha512-u5Ou1CMo/oWApasmv1TYTHgj38k69DJdTqQdBBwt+/ooNhPJQiSIKTB3Y3HvX0h5tulwfSo6xAwZgBgjRsK3LA=="
    }
  }
}
